
Microsoft Visual Studio Solution File, Format Version 12.00
# Visual Studio 15
VisualStudioVersion = 15.0.28010.2050
MinimumVisualStudioVersion = 10.0.40219.1
Project("{FAE04EC0-301F-11D3-BF4B-00C04F79EFBC}") = "MPL.Integration.OpSkins.Trade", "MPL.Integration.OpSkins.Trade\MPL.Integration.OpSkins.Trade.csproj", "{13719233-AA68-4FB2-9F72-19F1C0DB1145}"
EndProject
Project("{2150E333-8FDC-42A3-9474-1A3956D46DE8}") = "Solution Items", "Solution Items", "{815EB572-09E8-45D8-86AC-C6CE3F31FB9D}"
	ProjectSection(SolutionItems) = preProject
		LICENSE = LICENSE
	EndProjectSection
EndProject
Global
	GlobalSection(SolutionConfigurationPlatforms) = preSolution
		Debug|Any CPU = Debug|Any CPU
		Release|Any CPU = Release|Any CPU
	EndGlobalSection
	GlobalSection(ProjectConfigurationPlatforms) = postSolution
		{13719233-AA68-4FB2-9F72-19F1C0DB1145}.Debug|Any CPU.ActiveCfg = Debug|Any CPU
		{13719233-AA68-4FB2-9F72-19F1C0DB1145}.Debug|Any CPU.Build.0 = Debug|Any CPU
		{13719233-AA68-4FB2-9F72-19F1C0DB1145}.Release|Any CPU.ActiveCfg = Release|Any CPU
		{13719233-AA68-4FB2-9F72-19F1C0DB1145}.Release|Any CPU.Build.0 = Release|Any CPU
	EndGlobalSection
	GlobalSection(SolutionProperties) = preSolution
		HideSolutionNode = FALSE
	EndGlobalSection
	GlobalSection(ExtensibilityGlobals) = postSolution
		SolutionGuid = {67E3BD36-8D29-46EF-8A78-AFD3EC452199}
	EndGlobalSection
EndGlobal
